
Microsoft Visual Studio Solution File, Format Version 12.00
# Visual Studio Version 17
VisualStudioVersion = 17.0.31912.275
MinimumVisualStudioVersion = 10.0.40219.1
Project("{FAE04EC0-301F-11D3-BF4B-00C04F79EFBC}") = "Light_ControllerV2", "Light_ControllerV2.csproj", "{4327770C-9E67-42FA-AC5C-E23BF61019DA}"
EndProject
Global
	GlobalSection(SolutionConfigurationPlatforms) = preSolution
		Release|Any CPU = Release|Any CPU
	EndGlobalSection
	GlobalSection(ProjectConfigurationPlatforms) = postSolution
		{4327770C-9E67-42FA-AC5C-E23BF61019DA}.Release|Any CPU.ActiveCfg = Release|Any CPU
		{4327770C-9E67-42FA-AC5C-E23BF61019DA}.Release|Any CPU.Build.0 = Release|Any CPU
	EndGlobalSection
	GlobalSection(SolutionProperties) = preSolution
		HideSolutionNode = FALSE
	EndGlobalSection
	GlobalSection(ExtensibilityGlobals) = postSolution
		SolutionGuid = {DCD3CC4B-E61D-4CCF-B33A-83F35D38861B}
	EndGlobalSection
EndGlobal
